
Microsoft Visual Studio Solution File, Format Version 12.00
# Visual Studio Version 17
VisualStudioVersion = 17.11.35222.181
MinimumVisualStudioVersion = 10.0.40219.1
Project("{FAE04EC0-301F-11D3-BF4B-00C04F79EFBC}") = "Presentation", "Presentation.csproj", "{5983E47B-A330-4E2C-BCF0-6E5F478E92D6}"
EndProject
Project("{FAE04EC0-301F-11D3-BF4B-00C04F79EFBC}") = "Data Access", "..\Data Access\Data Access.csproj", "{8104BEDE-3134-4506-8D1A-BAA2A0F9EDF9}"
EndProject
Project("{FAE04EC0-301F-11D3-BF4B-00C04F79EFBC}") = "Core", "..\Core\Core.csproj", "{5B894CAA-DF3B-4E66-8FF2-1A4FD8AAC41A}"
EndProject
Global
	GlobalSection(SolutionConfigurationPlatforms) = preSolution
		Debug|Any CPU = Debug|Any CPU
		Release|Any CPU = Release|Any CPU
	EndGlobalSection
	GlobalSection(ProjectConfigurationPlatforms) = postSolution
		{5983E47B-A330-4E2C-BCF0-6E5F478E92D6}.Debug|Any CPU.ActiveCfg = Debug|Any CPU
		{5983E47B-A330-4E2C-BCF0-6E5F478E92D6}.Debug|Any CPU.Build.0 = Debug|Any CPU
		{5983E47B-A330-4E2C-BCF0-6E5F478E92D6}.Release|Any CPU.ActiveCfg = Release|Any CPU
		{5983E47B-A330-4E2C-BCF0-6E5F478E92D6}.Release|Any CPU.Build.0 = Release|Any CPU
		{8104BEDE-3134-4506-8D1A-BAA2A0F9EDF9}.Debug|Any CPU.ActiveCfg = Debug|Any CPU
		{8104BEDE-3134-4506-8D1A-BAA2A0F9EDF9}.Debug|Any CPU.Build.0 = Debug|Any CPU
		{8104BEDE-3134-4506-8D1A-BAA2A0F9EDF9}.Release|Any CPU.ActiveCfg = Release|Any CPU
		{8104BEDE-3134-4506-8D1A-BAA2A0F9EDF9}.Release|Any CPU.Build.0 = Release|Any CPU
		{5B894CAA-DF3B-4E66-8FF2-1A4FD8AAC41A}.Debug|Any CPU.ActiveCfg = Debug|Any CPU
		{5B894CAA-DF3B-4E66-8FF2-1A4FD8AAC41A}.Debug|Any CPU.Build.0 = Debug|Any CPU
		{5B894CAA-DF3B-4E66-8FF2-1A4FD8AAC41A}.Release|Any CPU.ActiveCfg = Release|Any CPU
		{5B894CAA-DF3B-4E66-8FF2-1A4FD8AAC41A}.Release|Any CPU.Build.0 = Release|Any CPU
	EndGlobalSection
	GlobalSection(SolutionProperties) = preSolution
		HideSolutionNode = FALSE
	EndGlobalSection
	GlobalSection(ExtensibilityGlobals) = postSolution
		SolutionGuid = {F2BC4AD7-63F3-418D-A102-89D181256208}
	EndGlobalSection
EndGlobal
